
Microsoft Visual Studio Solution File, Format Version 12.00
# Visual Studio Version 17
VisualStudioVersion = 17.10.34916.146
MinimumVisualStudioVersion = 10.0.40219.1
Project("{9A19103F-16F7-4668-BE54-9A1E7A4F7556}") = "Formacion.Azure.AppService.WebJobs.WebUploadFiles", "Formacion.Azure.AppService.WebJobs.WebUploadFiles\Formacion.Azure.AppService.WebJobs.WebUploadFiles.csproj", "{7E3FF3B0-D3FB-4322-A493-723DC6222A22}"
EndProject
Project("{9A19103F-16F7-4668-BE54-9A1E7A4F7556}") = "Formacion.Azure.AppService.WebJobs.ConsoleApp1", "Formacion.Azure.AppService.WebJobs.ConsoleApp1\Formacion.Azure.AppService.WebJobs.ConsoleApp1.csproj", "{6C8F9421-0E25-4B8E-B6C2-9D2004D57C9A}"
EndProject
Project("{9A19103F-16F7-4668-BE54-9A1E7A4F7556}") = "Formacion.Azure.AppService.WebJobs.ConsoleApp2", "Formacion.Azure.AppService.WebJobs.ConsoleApp2\Formacion.Azure.AppService.WebJobs.ConsoleApp2.csproj", "{86E4AA84-2006-4E15-B716-01B5EE5A54F1}"
EndProject
Project("{2150E333-8FDC-42A3-9474-1A3956D46DE8}") = "Demos WebJobs", "Demos WebJobs", "{7B6F65D3-59CF-4911-8174-D81B9C28A930}"
EndProject
Project("{2150E333-8FDC-42A3-9474-1A3956D46DE8}") = "Demos Functions", "Demos Functions", "{822B22B4-0C20-4E2B-A93C-F3259C8A75F7}"
EndProject
Project("{9A19103F-16F7-4668-BE54-9A1E7A4F7556}") = "Formacion.Azure.Functions.FunctionApp1", "Formacion.Azure.Functions.FunctionApp1\Formacion.Azure.Functions.FunctionApp1.csproj", "{5EDD8B63-1F6F-4D45-87A0-68C60ECD71D8}"
EndProject
Project("{9A19103F-16F7-4668-BE54-9A1E7A4F7556}") = "Formacion.Azure.Functions.FunctionApp2", "Formacion.Azure.Functions.FunctionApp2\Formacion.Azure.Functions.FunctionApp2.csproj", "{D3D9F613-BF0E-41FE-B1B9-F9D90FED165D}"
EndProject
Project("{9A19103F-16F7-4668-BE54-9A1E7A4F7556}") = "Formacion.Azure.Functions.FunctionApp3", "Formacion.Azure.Functions.FunctionApp3\Formacion.Azure.Functions.FunctionApp3.csproj", "{46F250CD-83B9-4CF5-A159-C2173DB419EE}"
EndProject
Project("{2150E333-8FDC-42A3-9474-1A3956D46DE8}") = "Laboratorios", "Laboratorios", "{EB9CC58D-F52C-4A7F-B9B0-382FE5F58343}"
EndProject
Project("{9A19103F-16F7-4668-BE54-9A1E7A4F7556}") = "func", "Lab02.func\func.csproj", "{43ADC7C8-1ED6-41A1-8CC0-88E058C9B295}"
EndProject
Project("{2150E333-8FDC-42A3-9474-1A3956D46DE8}") = "Demos Storage Account", "Demos Storage Account", "{0A352493-7162-41D5-B99C-825368FCA3D7}"
EndProject
Project("{9A19103F-16F7-4668-BE54-9A1E7A4F7556}") = "Formacion.Azure.Storage.ConsoleApp1", "Formacion.Azure.Storage.ConsoleApp1\Formacion.Azure.Storage.ConsoleApp1.csproj", "{DDF582FE-5184-4EE9-ADEA-6FEDB390F5DF}"
EndProject
Project("{FAE04EC0-301F-11D3-BF4B-00C04F79EFBC}") = "Formacion.Azure.AppService.WebJobs.ConsoleApp3", "Formacion.Azure.AppService.WebJobs.ConsoleApp3\Formacion.Azure.AppService.WebJobs.ConsoleApp3.csproj", "{89C5E357-F9B7-4CBE-8AF3-C7D2D162CE65}"
EndProject
Project("{9A19103F-16F7-4668-BE54-9A1E7A4F7556}") = "Formacion.Azure.Storage.ConsoleApp2", "Formacion.Azure.Storage.ConsoleApp2\Formacion.Azure.Storage.ConsoleApp2.csproj", "{88693138-6A9D-45A8-A89D-57D22CEE4CDC}"
EndProject
Project("{2150E333-8FDC-42A3-9474-1A3956D46DE8}") = "Demos CosmoDB", "Demos CosmoDB", "{A8A0DD2A-7F71-4FE2-ABC1-B4B1D9D27037}"
EndProject
Project("{FAE04EC0-301F-11D3-BF4B-00C04F79EFBC}") = "Formacion.Azure.CosmoDB.ConsoleApp1", "Formacion.Azure.CosmoDB.ConsoleApp1\Formacion.Azure.CosmoDB.ConsoleApp1.csproj", "{F979F517-9183-4E79-9A00-7730526BA65A}"
EndProject
Global
	GlobalSection(SolutionConfigurationPlatforms) = preSolution
		Debug|Any CPU = Debug|Any CPU
		Release|Any CPU = Release|Any CPU
	EndGlobalSection
	GlobalSection(ProjectConfigurationPlatforms) = postSolution
		{7E3FF3B0-D3FB-4322-A493-723DC6222A22}.Debug|Any CPU.ActiveCfg = Debug|Any CPU
		{7E3FF3B0-D3FB-4322-A493-723DC6222A22}.Debug|Any CPU.Build.0 = Debug|Any CPU
		{7E3FF3B0-D3FB-4322-A493-723DC6222A22}.Release|Any CPU.ActiveCfg = Release|Any CPU
		{7E3FF3B0-D3FB-4322-A493-723DC6222A22}.Release|Any CPU.Build.0 = Release|Any CPU
		{6C8F9421-0E25-4B8E-B6C2-9D2004D57C9A}.Debug|Any CPU.ActiveCfg = Debug|Any CPU
		{6C8F9421-0E25-4B8E-B6C2-9D2004D57C9A}.Debug|Any CPU.Build.0 = Debug|Any CPU
		{6C8F9421-0E25-4B8E-B6C2-9D2004D57C9A}.Release|Any CPU.ActiveCfg = Release|Any CPU
		{6C8F9421-0E25-4B8E-B6C2-9D2004D57C9A}.Release|Any CPU.Build.0 = Release|Any CPU
		{86E4AA84-2006-4E15-B716-01B5EE5A54F1}.Debug|Any CPU.ActiveCfg = Debug|Any CPU
		{86E4AA84-2006-4E15-B716-01B5EE5A54F1}.Debug|Any CPU.Build.0 = Debug|Any CPU
		{86E4AA84-2006-4E15-B716-01B5EE5A54F1}.Release|Any CPU.ActiveCfg = Release|Any CPU
		{86E4AA84-2006-4E15-B716-01B5EE5A54F1}.Release|Any CPU.Build.0 = Release|Any CPU
		{5EDD8B63-1F6F-4D45-87A0-68C60ECD71D8}.Debug|Any CPU.ActiveCfg = Debug|Any CPU
		{5EDD8B63-1F6F-4D45-87A0-68C60ECD71D8}.Debug|Any CPU.Build.0 = Debug|Any CPU
		{5EDD8B63-1F6F-4D45-87A0-68C60ECD71D8}.Release|Any CPU.ActiveCfg = Release|Any CPU
		{5EDD8B63-1F6F-4D45-87A0-68C60ECD71D8}.Release|Any CPU.Build.0 = Release|Any CPU
		{D3D9F613-BF0E-41FE-B1B9-F9D90FED165D}.Debug|Any CPU.ActiveCfg = Debug|Any CPU
		{D3D9F613-BF0E-41FE-B1B9-F9D90FED165D}.Debug|Any CPU.Build.0 = Debug|Any CPU
		{D3D9F613-BF0E-41FE-B1B9-F9D90FED165D}.Release|Any CPU.ActiveCfg = Release|Any CPU
		{D3D9F613-BF0E-41FE-B1B9-F9D90FED165D}.Release|Any CPU.Build.0 = Release|Any CPU
		{46F250CD-83B9-4CF5-A159-C2173DB419EE}.Debug|Any CPU.ActiveCfg = Debug|Any CPU
		{46F250CD-83B9-4CF5-A159-C2173DB419EE}.Debug|Any CPU.Build.0 = Debug|Any CPU
		{46F250CD-83B9-4CF5-A159-C2173DB419EE}.Release|Any CPU.ActiveCfg = Release|Any CPU
		{46F250CD-83B9-4CF5-A159-C2173DB419EE}.Release|Any CPU.Build.0 = Release|Any CPU
		{43ADC7C8-1ED6-41A1-8CC0-88E058C9B295}.Debug|Any CPU.ActiveCfg = Debug|Any CPU
		{43ADC7C8-1ED6-41A1-8CC0-88E058C9B295}.Debug|Any CPU.Build.0 = Debug|Any CPU
		{43ADC7C8-1ED6-41A1-8CC0-88E058C9B295}.Release|Any CPU.ActiveCfg = Release|Any CPU
		{43ADC7C8-1ED6-41A1-8CC0-88E058C9B295}.Release|Any CPU.Build.0 = Release|Any CPU
		{DDF582FE-5184-4EE9-ADEA-6FEDB390F5DF}.Debug|Any CPU.ActiveCfg = Debug|Any CPU
		{DDF582FE-5184-4EE9-ADEA-6FEDB390F5DF}.Debug|Any CPU.Build.0 = Debug|Any CPU
		{DDF582FE-5184-4EE9-ADEA-6FEDB390F5DF}.Release|Any CPU.ActiveCfg = Release|Any CPU
		{DDF582FE-5184-4EE9-ADEA-6FEDB390F5DF}.Release|Any CPU.Build.0 = Release|Any CPU
		{89C5E357-F9B7-4CBE-8AF3-C7D2D162CE65}.Debug|Any CPU.ActiveCfg = Debug|Any CPU
		{89C5E357-F9B7-4CBE-8AF3-C7D2D162CE65}.Debug|Any CPU.Build.0 = Debug|Any CPU
		{89C5E357-F9B7-4CBE-8AF3-C7D2D162CE65}.Release|Any CPU.ActiveCfg = Release|Any CPU
		{89C5E357-F9B7-4CBE-8AF3-C7D2D162CE65}.Release|Any CPU.Build.0 = Release|Any CPU
		{88693138-6A9D-45A8-A89D-57D22CEE4CDC}.Debug|Any CPU.ActiveCfg = Debug|Any CPU
		{88693138-6A9D-45A8-A89D-57D22CEE4CDC}.Debug|Any CPU.Build.0 = Debug|Any CPU
		{88693138-6A9D-45A8-A89D-57D22CEE4CDC}.Release|Any CPU.ActiveCfg = Release|Any CPU
		{88693138-6A9D-45A8-A89D-57D22CEE4CDC}.Release|Any CPU.Build.0 = Release|Any CPU
		{F979F517-9183-4E79-9A00-7730526BA65A}.Debug|Any CPU.ActiveCfg = Debug|Any CPU
		{F979F517-9183-4E79-9A00-7730526BA65A}.Debug|Any CPU.Build.0 = Debug|Any CPU
		{F979F517-9183-4E79-9A00-7730526BA65A}.Release|Any CPU.ActiveCfg = Release|Any CPU
		{F979F517-9183-4E79-9A00-7730526BA65A}.Release|Any CPU.Build.0 = Release|Any CPU
	EndGlobalSection
	GlobalSection(SolutionProperties) = preSolution
		HideSolutionNode = FALSE
	EndGlobalSection
	GlobalSection(NestedProjects) = preSolution
		{7E3FF3B0-D3FB-4322-A493-723DC6222A22} = {7B6F65D3-59CF-4911-8174-D81B9C28A930}
		{6C8F9421-0E25-4B8E-B6C2-9D2004D57C9A} = {7B6F65D3-59CF-4911-8174-D81B9C28A930}
		{86E4AA84-2006-4E15-B716-01B5EE5A54F1} = {7B6F65D3-59CF-4911-8174-D81B9C28A930}
		{5EDD8B63-1F6F-4D45-87A0-68C60ECD71D8} = {822B22B4-0C20-4E2B-A93C-F3259C8A75F7}
		{D3D9F613-BF0E-41FE-B1B9-F9D90FED165D} = {822B22B4-0C20-4E2B-A93C-F3259C8A75F7}
		{46F250CD-83B9-4CF5-A159-C2173DB419EE} = {822B22B4-0C20-4E2B-A93C-F3259C8A75F7}
		{43ADC7C8-1ED6-41A1-8CC0-88E058C9B295} = {EB9CC58D-F52C-4A7F-B9B0-382FE5F58343}
		{DDF582FE-5184-4EE9-ADEA-6FEDB390F5DF} = {0A352493-7162-41D5-B99C-825368FCA3D7}
		{89C5E357-F9B7-4CBE-8AF3-C7D2D162CE65} = {7B6F65D3-59CF-4911-8174-D81B9C28A930}
		{88693138-6A9D-45A8-A89D-57D22CEE4CDC} = {0A352493-7162-41D5-B99C-825368FCA3D7}
		{F979F517-9183-4E79-9A00-7730526BA65A} = {A8A0DD2A-7F71-4FE2-ABC1-B4B1D9D27037}
	EndGlobalSection
	GlobalSection(ExtensibilityGlobals) = postSolution
		SolutionGuid = {6BF02C58-2518-47A1-856F-1774A80C525D}
	EndGlobalSection
EndGlobal
